// !$*UTF8*$!
{
	archiveVersion = 1;
	classes = {
	};
	objectVersion = 56;
	objects = {

/* Begin PBXBuildFile section */
		CE8A6E9C2C3BEC3800E71CB2 /* AnimalModel.swift in Sources */ = {isa = PBXBuildFile; fileRef = CE8A6E9B2C3BEC3800E71CB2 /* AnimalModel.swift */; };
		CE8A6E9E2C3BF1EC00E71CB2 /* AnimalDetailView.swift in Sources */ = {isa = PBXBuildFile; fileRef = CE8A6E9D2C3BF1EC00E71CB2 /* AnimalDetailView.swift */; };
		CE8A6EA02C3BF5E300E71CB2 /* HeadingView.swift in Sources */ = {isa = PBXBuildFile; fileRef = CE8A6E9F2C3BF5E300E71CB2 /* HeadingView.swift */; };
		CE8A6EA22C3BF78100E71CB2 /* InsetGalleryView.swift in Sources */ = {isa = PBXBuildFile; fileRef = CE8A6EA12C3BF78100E71CB2 /* InsetGalleryView.swift */; };
		CE8A6EA42C3BFC1F00E71CB2 /* InsetFactView.swift in Sources */ = {isa = PBXBuildFile; fileRef = CE8A6EA32C3BFC1F00E71CB2 /* InsetFactView.swift */; };
		CE8A6EA62C3C16BA00E71CB2 /* InsetMapView.swift in Sources */ = {isa = PBXBuildFile; fileRef = CE8A6EA52C3C16BA00E71CB2 /* InsetMapView.swift */; };
		CE8A6EAA2C3C1B0C00E71CB2 /* ExternalWeblinkView.swift in Sources */ = {isa = PBXBuildFile; fileRef = CE8A6EA92C3C1B0C00E71CB2 /* ExternalWeblinkView.swift */; };
		CEA6F5982C3C2F8200BB57F0 /* VideoModel.swift in Sources */ = {isa = PBXBuildFile; fileRef = CEA6F5972C3C2F8200BB57F0 /* VideoModel.swift */; };
		CEA6F59A2C3C308A00BB57F0 /* VideoListItemView.swift in Sources */ = {isa = PBXBuildFile; fileRef = CEA6F5992C3C308A00BB57F0 /* VideoListItemView.swift */; };
		CEA6F59C2C3C37A100BB57F0 /* VideoPlayerView.swift in Sources */ = {isa = PBXBuildFile; fileRef = CEA6F59B2C3C37A100BB57F0 /* VideoPlayerView.swift */; };
		CEA6F59F2C3C3B8600BB57F0 /* VideoPlayerHelper.swift in Sources */ = {isa = PBXBuildFile; fileRef = CEA6F59E2C3C3B8600BB57F0 /* VideoPlayerHelper.swift */; };
		CEA6F5A12C3C406100BB57F0 /* LocationModel.swift in Sources */ = {isa = PBXBuildFile; fileRef = CEA6F5A02C3C406100BB57F0 /* LocationModel.swift */; };
		CEAD13E12C29F18300804100 /* AfricaAppApp.swift in Sources */ = {isa = PBXBuildFile; fileRef = CEAD13E02C29F18300804100 /* AfricaAppApp.swift */; };
		CEAD13E32C29F18300804100 /* ContentView.swift in Sources */ = {isa = PBXBuildFile; fileRef = CEAD13E22C29F18300804100 /* ContentView.swift */; };
		CEAD13E52C29F18500804100 /* Assets.xcassets in Resources */ = {isa = PBXBuildFile; fileRef = CEAD13E42C29F18500804100 /* Assets.xcassets */; };
		CEAD13E82C29F18500804100 /* Preview Assets.xcassets in Resources */ = {isa = PBXBuildFile; fileRef = CEAD13E72C29F18500804100 /* Preview Assets.xcassets */; };
		CEAD13F92C29F4B800804100 /* ostrich.mp4 in Resources */ = {isa = PBXBuildFile; fileRef = CEAD13EF2C29F4B600804100 /* ostrich.mp4 */; };
		CEAD13FA2C29F4B800804100 /* giraffe.mp4 in Resources */ = {isa = PBXBuildFile; fileRef = CEAD13F02C29F4B600804100 /* giraffe.mp4 */; };
		CEAD13FB2C29F4B800804100 /* zebra.mp4 in Resources */ = {isa = PBXBuildFile; fileRef = CEAD13F12C29F4B600804100 /* zebra.mp4 */; };
		CEAD13FC2C29F4B800804100 /* lion.mp4 in Resources */ = {isa = PBXBuildFile; fileRef = CEAD13F22C29F4B600804100 /* lion.mp4 */; };
		CEAD13FD2C29F4B800804100 /* rhino.mp4 in Resources */ = {isa = PBXBuildFile; fileRef = CEAD13F32C29F4B600804100 /* rhino.mp4 */; };
		CEAD13FE2C29F4B800804100 /* gorilla.mp4 in Resources */ = {isa = PBXBuildFile; fileRef = CEAD13F42C29F4B700804100 /* gorilla.mp4 */; };
		CEAD13FF2C29F4B800804100 /* elephant.mp4 in Resources */ = {isa = PBXBuildFile; fileRef = CEAD13F52C29F4B700804100 /* elephant.mp4 */; };
		CEAD14002C29F4B800804100 /* hippo.mp4 in Resources */ = {isa = PBXBuildFile; fileRef = CEAD13F62C29F4B700804100 /* hippo.mp4 */; };
		CEAD14012C29F4B800804100 /* cheetah.mp4 in Resources */ = {isa = PBXBuildFile; fileRef = CEAD13F72C29F4B700804100 /* cheetah.mp4 */; };
		CEAD14022C29F4B800804100 /* lioness.mp4 in Resources */ = {isa = PBXBuildFile; fileRef = CEAD13F82C29F4B800804100 /* lioness.mp4 */; };
		CEAD14082C29F50300804100 /* locations.json in Resources */ = {isa = PBXBuildFile; fileRef = CEAD14042C29F50300804100 /* locations.json */; };
		CEAD14092C29F50300804100 /* animals.json in Resources */ = {isa = PBXBuildFile; fileRef = CEAD14052C29F50300804100 /* animals.json */; };
		CEAD140A2C29F50300804100 /* covers.json in Resources */ = {isa = PBXBuildFile; fileRef = CEAD14062C29F50300804100 /* covers.json */; };
		CEAD140B2C29F50300804100 /* videos.json in Resources */ = {isa = PBXBuildFile; fileRef = CEAD14072C29F50300804100 /* videos.json */; };
		CED1F2122C381F00008F28FC /* VideoListView.swift in Sources */ = {isa = PBXBuildFile; fileRef = CED1F2112C381F00008F28FC /* VideoListView.swift */; };
		CED1F2142C381F17008F28FC /* MapView.swift in Sources */ = {isa = PBXBuildFile; fileRef = CED1F2132C381F17008F28FC /* MapView.swift */; };
		CED1F2162C381F27008F28FC /* GalleryView.swift in Sources */ = {isa = PBXBuildFile; fileRef = CED1F2152C381F27008F28FC /* GalleryView.swift */; };
		CED1F2182C381F43008F28FC /* MainView.swift in Sources */ = {isa = PBXBuildFile; fileRef = CED1F2172C381F43008F28FC /* MainView.swift */; };
		CED1F21B2C3821D3008F28FC /* CoverImageView.swift in Sources */ = {isa = PBXBuildFile; fileRef = CED1F21A2C3821D3008F28FC /* CoverImageView.swift */; };
		CED1F21E2C382F81008F28FC /* CoverImageModel.swift in Sources */ = {isa = PBXBuildFile; fileRef = CED1F21D2C382F81008F28FC /* CoverImageModel.swift */; };
		CED1F2212C3830D2008F28FC /* CodableBundleExtension.swift in Sources */ = {isa = PBXBuildFile; fileRef = CED1F2202C3830D2008F28FC /* CodableBundleExtension.swift */; };
		CED1F2232C383685008F28FC /* AnimalListItemView.swift in Sources */ = {isa = PBXBuildFile; fileRef = CED1F2222C383685008F28FC /* AnimalListItemView.swift */; };
/* End PBXBuildFile section */

/* Begin PBXFileReference section */
		CE8A6E9B2C3BEC3800E71CB2 /* AnimalModel.swift */ = {isa = PBXFileReference; lastKnownFileType = sourcecode.swift; path = AnimalModel.swift; sourceTree = "<group>"; };
		CE8A6E9D2C3BF1EC00E71CB2 /* AnimalDetailView.swift */ = {isa = PBXFileReference; lastKnownFileType = sourcecode.swift; path = AnimalDetailView.swift; sourceTree = "<group>"; };
		CE8A6E9F2C3BF5E300E71CB2 /* HeadingView.swift */ = {isa = PBXFileReference; lastKnownFileType = sourcecode.swift; path = HeadingView.swift; sourceTree = "<group>"; };
		CE8A6EA12C3BF78100E71CB2 /* InsetGalleryView.swift */ = {isa = PBXFileReference; lastKnownFileType = sourcecode.swift; path = InsetGalleryView.swift; sourceTree = "<group>"; };
		CE8A6EA32C3BFC1F00E71CB2 /* InsetFactView.swift */ = {isa = PBXFileReference; lastKnownFileType = sourcecode.swift; path = InsetFactView.swift; sourceTree = "<group>"; };
		CE8A6EA52C3C16BA00E71CB2 /* InsetMapView.swift */ = {isa = PBXFileReference; lastKnownFileType = sourcecode.swift; path = InsetMapView.swift; sourceTree = "<group>"; };
		CE8A6EA92C3C1B0C00E71CB2 /* ExternalWeblinkView.swift */ = {isa = PBXFileReference; lastKnownFileType = sourcecode.swift; path = ExternalWeblinkView.swift; sourceTree = "<group>"; };
		CEA6F5972C3C2F8200BB57F0 /* VideoModel.swift */ = {isa = PBXFileReference; lastKnownFileType = sourcecode.swift; path = VideoModel.swift; sourceTree = "<group>"; };
		CEA6F5992C3C308A00BB57F0 /* VideoListItemView.swift */ = {isa = PBXFileReference; lastKnownFileType = sourcecode.swift; path = VideoListItemView.swift; sourceTree = "<group>"; };
		CEA6F59B2C3C37A100BB57F0 /* VideoPlayerView.swift */ = {isa = PBXFileReference; lastKnownFileType = sourcecode.swift; path = VideoPlayerView.swift; sourceTree = "<group>"; };
		CEA6F59E2C3C3B8600BB57F0 /* VideoPlayerHelper.swift */ = {isa = PBXFileReference; lastKnownFileType = sourcecode.swift; path = VideoPlayerHelper.swift; sourceTree = "<group>"; };
		CEA6F5A02C3C406100BB57F0 /* LocationModel.swift */ = {isa = PBXFileReference; lastKnownFileType = sourcecode.swift; path = LocationModel.swift; sourceTree = "<group>"; };
		CEAD13DD2C29F18300804100 /* AfricaApp.app */ = {isa = PBXFileReference; explicitFileType = wrapper.application; includeInIndex = 0; path = AfricaApp.app; sourceTree = BUILT_PRODUCTS_DIR; };
		CEAD13E02C29F18300804100 /* AfricaAppApp.swift */ = {isa = PBXFileReference; lastKnownFileType = sourcecode.swift; path = AfricaAppApp.swift; sourceTree = "<group>"; };
		CEAD13E22C29F18300804100 /* ContentView.swift */ = {isa = PBXFileReference; lastKnownFileType = sourcecode.swift; path = ContentView.swift; sourceTree = "<group>"; };
		CEAD13E42C29F18500804100 /* Assets.xcassets */ = {isa = PBXFileReference; lastKnownFileType = folder.assetcatalog; path = Assets.xcassets; sourceTree = "<group>"; };
		CEAD13E72C29F18500804100 /* Preview Assets.xcassets */ = {isa = PBXFileReference; lastKnownFileType = folder.assetcatalog; path = "Preview Assets.xcassets"; sourceTree = "<group>"; };
		CEAD13EF2C29F4B600804100 /* ostrich.mp4 */ = {isa = PBXFileReference; lastKnownFileType = file; path = ostrich.mp4; sourceTree = "<group>"; };
		CEAD13F02C29F4B600804100 /* giraffe.mp4 */ = {isa = PBXFileReference; lastKnownFileType = file; path = giraffe.mp4; sourceTree = "<group>"; };
		CEAD13F12C29F4B600804100 /* zebra.mp4 */ = {isa = PBXFileReference; lastKnownFileType = file; path = zebra.mp4; sourceTree = "<group>"; };
		CEAD13F22C29F4B600804100 /* lion.mp4 */ = {isa = PBXFileReference; lastKnownFileType = file; path = lion.mp4; sourceTree = "<group>"; };
		CEAD13F32C29F4B600804100 /* rhino.mp4 */ = {isa = PBXFileReference; lastKnownFileType = file; path = rhino.mp4; sourceTree = "<group>"; };
		CEAD13F42C29F4B700804100 /* gorilla.mp4 */ = {isa = PBXFileReference; lastKnownFileType = file; path = gorilla.mp4; sourceTree = "<group>"; };
		CEAD13F52C29F4B700804100 /* elephant.mp4 */ = {isa = PBXFileReference; lastKnownFileType = file; path = elephant.mp4; sourceTree = "<group>"; };
		CEAD13F62C29F4B700804100 /* hippo.mp4 */ = {isa = PBXFileReference; lastKnownFileType = file; path = hippo.mp4; sourceTree = "<group>"; };
		CEAD13F72C29F4B700804100 /* cheetah.mp4 */ = {isa = PBXFileReference; lastKnownFileType = file; path = cheetah.mp4; sourceTree = "<group>"; };
		CEAD13F82C29F4B800804100 /* lioness.mp4 */ = {isa = PBXFileReference; lastKnownFileType = file; path = lioness.mp4; sourceTree = "<group>"; };
		CEAD14042C29F50300804100 /* locations.json */ = {isa = PBXFileReference; fileEncoding = 4; lastKnownFileType = text.json; path = locations.json; sourceTree = "<group>"; };
		CEAD14052C29F50300804100 /* animals.json */ = {isa = PBXFileReference; fileEncoding = 4; lastKnownFileType = text.json; path = animals.json; sourceTree = "<group>"; };
		CEAD14062C29F50300804100 /* covers.json */ = {isa = PBXFileReference; fileEncoding = 4; lastKnownFileType = text.json; path = covers.json; sourceTree = "<group>"; };
		CEAD14072C29F50300804100 /* videos.json */ = {isa = PBXFileReference; fileEncoding = 4; lastKnownFileType = text.json; path = videos.json; sourceTree = "<group>"; };
		CED1F20D2C381D6D008F28FC /* Info.plist */ = {isa = PBXFileReference; lastKnownFileType = text.plist; path = Info.plist; sourceTree = "<group>"; };
		CED1F2112C381F00008F28FC /* VideoListView.swift */ = {isa = PBXFileReference; lastKnownFileType = sourcecode.swift; path = VideoListView.swift; sourceTree = "<group>"; };
		CED1F2132C381F17008F28FC /* MapView.swift */ = {isa = PBXFileReference; lastKnownFileType = sourcecode.swift; path = MapView.swift; sourceTree = "<group>"; };
		CED1F2152C381F27008F28FC /* GalleryView.swift */ = {isa = PBXFileReference; lastKnownFileType = sourcecode.swift; path = GalleryView.swift; sourceTree = "<group>"; };
		CED1F2172C381F43008F28FC /* MainView.swift */ = {isa = PBXFileReference; lastKnownFileType = sourcecode.swift; path = MainView.swift; sourceTree = "<group>"; };
		CED1F21A2C3821D3008F28FC /* CoverImageView.swift */ = {isa = PBXFileReference; lastKnownFileType = sourcecode.swift; path = CoverImageView.swift; sourceTree = "<group>"; };
		CED1F21D2C382F81008F28FC /* CoverImageModel.swift */ = {isa = PBXFileReference; lastKnownFileType = sourcecode.swift; path = CoverImageModel.swift; sourceTree = "<group>"; };
		CED1F2202C3830D2008F28FC /* CodableBundleExtension.swift */ = {isa = PBXFileReference; lastKnownFileType = sourcecode.swift; path = CodableBundleExtension.swift; sourceTree = "<group>"; };
		CED1F2222C383685008F28FC /* AnimalListItemView.swift */ = {isa = PBXFileReference; lastKnownFileType = sourcecode.swift; path = AnimalListItemView.swift; sourceTree = "<group>"; };
/* End PBXFileReference section */

/* Begin PBXFrameworksBuildPhase section */
		CEAD13DA2C29F18300804100 /* Frameworks */ = {
			isa = PBXFrameworksBuildPhase;
			buildActionMask = 2147483647;
			files = (
			);
			runOnlyForDeploymentPostprocessing = 0;
		};
/* End PBXFrameworksBuildPhase section */

/* Begin PBXGroup section */
		CEA6F59D2C3C3B6A00BB57F0 /* Helper */ = {
			isa = PBXGroup;
			children = (
				CEA6F59E2C3C3B8600BB57F0 /* VideoPlayerHelper.swift */,
			);
			path = Helper;
			sourceTree = "<group>";
		};
		CEAD13D42C29F18300804100 = {
			isa = PBXGroup;
			children = (
				CEAD13DF2C29F18300804100 /* AfricaApp */,
				CEAD13DE2C29F18300804100 /* Products */,
			);
			sourceTree = "<group>";
		};
		CEAD13DE2C29F18300804100 /* Products */ = {
			isa = PBXGroup;
			children = (
				CEAD13DD2C29F18300804100 /* AfricaApp.app */,
			);
			name = Products;
			sourceTree = "<group>";
		};
		CEAD13DF2C29F18300804100 /* AfricaApp */ = {
			isa = PBXGroup;
			children = (
				CEA6F59D2C3C3B6A00BB57F0 /* Helper */,
				CED1F21F2C3830AB008F28FC /* Extension */,
				CED1F21C2C382F50008F28FC /* Model */,
				CED1F2192C3821B3008F28FC /* View */,
				CEAD14032C29F4DC00804100 /* Data */,
				CEAD13EE2C29F48600804100 /* Video */,
				CED1F20E2C381E8C008F28FC /* App */,
				CEAD13E42C29F18500804100 /* Assets.xcassets */,
				CED1F20D2C381D6D008F28FC /* Info.plist */,
				CEAD13E62C29F18500804100 /* Preview Content */,
			);
			path = AfricaApp;
			sourceTree = "<group>";
		};
		CEAD13E62C29F18500804100 /* Preview Content */ = {
			isa = PBXGroup;
			children = (
				CEAD13E72C29F18500804100 /* Preview Assets.xcassets */,
			);
			path = "Preview Content";
			sourceTree = "<group>";
		};
		CEAD13EE2C29F48600804100 /* Video */ = {
			isa = PBXGroup;
			children = (
				CEAD13F72C29F4B700804100 /* cheetah.mp4 */,
				CEAD13F52C29F4B700804100 /* elephant.mp4 */,
				CEAD13F02C29F4B600804100 /* giraffe.mp4 */,
				CEAD13F42C29F4B700804100 /* gorilla.mp4 */,
				CEAD13F62C29F4B700804100 /* hippo.mp4 */,
				CEAD13F22C29F4B600804100 /* lion.mp4 */,
				CEAD13F82C29F4B800804100 /* lioness.mp4 */,
				CEAD13EF2C29F4B600804100 /* ostrich.mp4 */,
				CEAD13F32C29F4B600804100 /* rhino.mp4 */,
				CEAD13F12C29F4B600804100 /* zebra.mp4 */,
			);
			path = Video;
			sourceTree = "<group>";
		};
		CEAD14032C29F4DC00804100 /* Data */ = {
			isa = PBXGroup;
			children = (
				CEAD14052C29F50300804100 /* animals.json */,
				CEAD14062C29F50300804100 /* covers.json */,
				CEAD14042C29F50300804100 /* locations.json */,
				CEAD14072C29F50300804100 /* videos.json */,
			);
			path = Data;
			sourceTree = "<group>";
		};
		CED1F20E2C381E8C008F28FC /* App */ = {
			isa = PBXGroup;
			children = (
				CEAD13E02C29F18300804100 /* AfricaAppApp.swift */,
				CEAD13E22C29F18300804100 /* ContentView.swift */,
				CED1F2112C381F00008F28FC /* VideoListView.swift */,
				CED1F2132C381F17008F28FC /* MapView.swift */,
				CED1F2152C381F27008F28FC /* GalleryView.swift */,
				CED1F2172C381F43008F28FC /* MainView.swift */,
			);
			path = App;
			sourceTree = "<group>";
		};
		CED1F2192C3821B3008F28FC /* View */ = {
			isa = PBXGroup;
			children = (
				CED1F21A2C3821D3008F28FC /* CoverImageView.swift */,
				CED1F2222C383685008F28FC /* AnimalListItemView.swift */,
				CE8A6E9D2C3BF1EC00E71CB2 /* AnimalDetailView.swift */,
				CE8A6E9F2C3BF5E300E71CB2 /* HeadingView.swift */,
				CE8A6EA12C3BF78100E71CB2 /* InsetGalleryView.swift */,
				CE8A6EA32C3BFC1F00E71CB2 /* InsetFactView.swift */,
				CE8A6EA52C3C16BA00E71CB2 /* InsetMapView.swift */,
				CE8A6EA92C3C1B0C00E71CB2 /* ExternalWeblinkView.swift */,
				CEA6F5992C3C308A00BB57F0 /* VideoListItemView.swift */,
				CEA6F59B2C3C37A100BB57F0 /* VideoPlayerView.swift */,
			);
			path = View;
			sourceTree = "<group>";
		};
		CED1F21C2C382F50008F28FC /* Model */ = {
			isa = PBXGroup;
			children = (
				CED1F21D2C382F81008F28FC /* CoverImageModel.swift */,
				CE8A6E9B2C3BEC3800E71CB2 /* AnimalModel.swift */,
				CEA6F5972C3C2F8200BB57F0 /* VideoModel.swift */,
				CEA6F5A02C3C406100BB57F0 /* LocationModel.swift */,
			);
			path = Model;
			sourceTree = "<group>";
		};
		CED1F21F2C3830AB008F28FC /* Extension */ = {
			isa = PBXGroup;
			children = (
				CED1F2202C3830D2008F28FC /* CodableBundleExtension.swift */,
			);
			path = Extension;
			sourceTree = "<group>";
		};
/* End PBXGroup section */

/* Begin PBXNativeTarget section */
		CEAD13DC2C29F18300804100 /* AfricaApp */ = {
			isa = PBXNativeTarget;
			buildConfigurationList = CEAD13EB2C29F18500804100 /* Build configuration list for PBXNativeTarget "AfricaApp" */;
			buildPhases = (
				CEAD13D92C29F18300804100 /* Sources */,
				CEAD13DA2C29F18300804100 /* Frameworks */,
				CEAD13DB2C29F18300804100 /* Resources */,
			);
			buildRules = (
			);
			dependencies = (
			);
			name = AfricaApp;
			productName = AfricaApp;
			productReference = CEAD13DD2C29F18300804100 /* AfricaApp.app */;
			productType = "com.apple.product-type.application";
		};
/* End PBXNativeTarget section */

/* Begin PBXProject section */
		CEAD13D52C29F18300804100 /* Project object */ = {
			isa = PBXProject;
			attributes = {
				BuildIndependentTargetsInParallel = 1;
				LastSwiftUpdateCheck = 1540;
				LastUpgradeCheck = 1540;
				TargetAttributes = {
					CEAD13DC2C29F18300804100 = {
						CreatedOnToolsVersion = 15.4;
					};
				};
			};
			buildConfigurationList = CEAD13D82C29F18300804100 /* Build configuration list for PBXProject "AfricaApp" */;
			compatibilityVersion = "Xcode 14.0";
			developmentRegion = en;
			hasScannedForEncodings = 0;
			knownRegions = (
				en,
				Base,
			);
			mainGroup = CEAD13D42C29F18300804100;
			productRefGroup = CEAD13DE2C29F18300804100 /* Products */;
			projectDirPath = "";
			projectRoot = "";
			targets = (
				CEAD13DC2C29F18300804100 /* AfricaApp */,
			);
		};
/* End PBXProject section */

/* Begin PBXResourcesBuildPhase section */
		CEAD13DB2C29F18300804100 /* Resources */ = {
			isa = PBXResourcesBuildPhase;
			buildActionMask = 2147483647;
			files = (
				CEAD14082C29F50300804100 /* locations.json in Resources */,
				CEAD14002C29F4B800804100 /* hippo.mp4 in Resources */,
				CEAD13F92C29F4B800804100 /* ostrich.mp4 in Resources */,
				CEAD13FC2C29F4B800804100 /* lion.mp4 in Resources */,
				CEAD13FB2C29F4B800804100 /* zebra.mp4 in Resources */,
				CEAD13E82C29F18500804100 /* Preview Assets.xcassets in Resources */,
				CEAD13FE2C29F4B800804100 /* gorilla.mp4 in Resources */,
				CEAD14092C29F50300804100 /* animals.json in Resources */,
				CEAD13FD2C29F4B800804100 /* rhino.mp4 in Resources */,
				CEAD13FA2C29F4B800804100 /* giraffe.mp4 in Resources */,
				CEAD140A2C29F50300804100 /* covers.json in Resources */,
				CEAD13E52C29F18500804100 /* Assets.xcassets in Resources */,
				CEAD13FF2C29F4B800804100 /* elephant.mp4 in Resources */,
				CEAD140B2C29F50300804100 /* videos.json in Resources */,
				CEAD14012C29F4B800804100 /* cheetah.mp4 in Resources */,
				CEAD14022C29F4B800804100 /* lioness.mp4 in Resources */,
			);
			runOnlyForDeploymentPostprocessing = 0;
		};
/* End PBXResourcesBuildPhase section */

/* Begin PBXSourcesBuildPhase section */
		CEAD13D92C29F18300804100 /* Sources */ = {
			isa = PBXSourcesBuildPhase;
			buildActionMask = 2147483647;
			files = (
				CE8A6EAA2C3C1B0C00E71CB2 /* ExternalWeblinkView.swift in Sources */,
				CEAD13E32C29F18300804100 /* ContentView.swift in Sources */,
				CED1F2232C383685008F28FC /* AnimalListItemView.swift in Sources */,
				CED1F2182C381F43008F28FC /* MainView.swift in Sources */,
				CE8A6EA42C3BFC1F00E71CB2 /* InsetFactView.swift in Sources */,
				CED1F21B2C3821D3008F28FC /* CoverImageView.swift in Sources */,
				CED1F21E2C382F81008F28FC /* CoverImageModel.swift in Sources */,
				CE8A6E9E2C3BF1EC00E71CB2 /* AnimalDetailView.swift in Sources */,
				CE8A6E9C2C3BEC3800E71CB2 /* AnimalModel.swift in Sources */,
				CED1F2142C381F17008F28FC /* MapView.swift in Sources */,
				CEA6F59F2C3C3B8600BB57F0 /* VideoPlayerHelper.swift in Sources */,
				CE8A6EA62C3C16BA00E71CB2 /* InsetMapView.swift in Sources */,
				CEAD13E12C29F18300804100 /* AfricaAppApp.swift in Sources */,
				CED1F2122C381F00008F28FC /* VideoListView.swift in Sources */,
				CEA6F5982C3C2F8200BB57F0 /* VideoModel.swift in Sources */,
				CED1F2162C381F27008F28FC /* GalleryView.swift in Sources */,
				CEA6F5A12C3C406100BB57F0 /* LocationModel.swift in Sources */,
				CE8A6EA22C3BF78100E71CB2 /* InsetGalleryView.swift in Sources */,
				CEA6F59A2C3C308A00BB57F0 /* VideoListItemView.swift in Sources */,
				CED1F2212C3830D2008F28FC /* CodableBundleExtension.swift in Sources */,
				CE8A6EA02C3BF5E300E71CB2 /* HeadingView.swift in Sources */,
				CEA6F59C2C3C37A100BB57F0 /* VideoPlayerView.swift in Sources */,
			);
			runOnlyForDeploymentPostprocessing = 0;
		};
/* End PBXSourcesBuildPhase section */

/* Begin XCBuildConfiguration section */
		CEAD13E92C29F18500804100 /* Debug */ = {
			isa = XCBuildConfiguration;
			buildSettings = {
				ALWAYS_SEARCH_USER_PATHS = NO;
				ASSETCATALOG_COMPILER_GENERATE_SWIFT_ASSET_SYMBOL_EXTENSIONS = YES;
				CLANG_ANALYZER_NONNULL = YES;
				CLANG_ANALYZER_NUMBER_OBJECT_CONVERSION = YES_AGGRESSIVE;
				CLANG_CXX_LANGUAGE_STANDARD = "gnu++20";
				CLANG_ENABLE_MODULES = YES;
				CLANG_ENABLE_OBJC_ARC = YES;
				CLANG_ENABLE_OBJC_WEAK = YES;
				CLANG_WARN_BLOCK_CAPTURE_AUTORELEASING = YES;
				CLANG_WARN_BOOL_CONVERSION = YES;
				CLANG_WARN_COMMA = YES;
				CLANG_WARN_CONSTANT_CONVERSION = YES;
				CLANG_WARN_DEPRECATED_OBJC_IMPLEMENTATIONS = YES;
				CLANG_WARN_DIRECT_OBJC_ISA_USAGE = YES_ERROR;
				CLANG_WARN_DOCUMENTATION_COMMENTS = YES;
				CLANG_WARN_EMPTY_BODY = YES;
				CLANG_WARN_ENUM_CONVERSION = YES;
				CLANG_WARN_INFINITE_RECURSION = YES;
				CLANG_WARN_INT_CONVERSION = YES;
				CLANG_WARN_NON_LITERAL_NULL_CONVERSION = YES;
				CLANG_WARN_OBJC_IMPLICIT_RETAIN_SELF = YES;
				CLANG_WARN_OBJC_LITERAL_CONVERSION = YES;
				CLANG_WARN_OBJC_ROOT_CLASS = YES_ERROR;
				CLANG_WARN_QUOTED_INCLUDE_IN_FRAMEWORK_HEADER = YES;
				CLANG_WARN_RANGE_LOOP_ANALYSIS = YES;
				CLANG_WARN_STRICT_PROTOTYPES = YES;
				CLANG_WARN_SUSPICIOUS_MOVE = YES;
				CLANG_WARN_UNGUARDED_AVAILABILITY = YES_AGGRESSIVE;
				CLANG_WARN_UNREACHABLE_CODE = YES;
				CLANG_WARN__DUPLICATE_METHOD_MATCH = YES;
				COPY_PHASE_STRIP = NO;
				DEBUG_INFORMATION_FORMAT = dwarf;
				ENABLE_STRICT_OBJC_MSGSEND = YES;
				ENABLE_TESTABILITY = YES;
				ENABLE_USER_SCRIPT_SANDBOXING = YES;
				GCC_C_LANGUAGE_STANDARD = gnu17;
				GCC_DYNAMIC_NO_PIC = NO;
				GCC_NO_COMMON_BLOCKS = YES;
				GCC_OPTIMIZATION_LEVEL = 0;
				GCC_PREPROCESSOR_DEFINITIONS = (
					"DEBUG=1",
					"$(inherited)",
				);
				GCC_WARN_64_TO_32_BIT_CONVERSION = YES;
				GCC_WARN_ABOUT_RETURN_TYPE = YES_ERROR;
				GCC_WARN_UNDECLARED_SELECTOR = YES;
				GCC_WARN_UNINITIALIZED_AUTOS = YES_AGGRESSIVE;
				GCC_WARN_UNUSED_FUNCTION = YES;
				GCC_WARN_UNUSED_VARIABLE = YES;
				IPHONEOS_DEPLOYMENT_TARGET = 17.5;
				LOCALIZATION_PREFERS_STRING_CATALOGS = YES;
				MTL_ENABLE_DEBUG_INFO = INCLUDE_SOURCE;
				MTL_FAST_MATH = YES;
				ONLY_ACTIVE_ARCH = YES;
				SDKROOT = iphoneos;
				SWIFT_ACTIVE_COMPILATION_CONDITIONS = "DEBUG $(inherited)";
				SWIFT_OPTIMIZATION_LEVEL = "-Onone";
			};
			name = Debug;
		};
		CEAD13EA2C29F18500804100 /* Release */ = {
			isa = XCBuildConfiguration;
			buildSettings = {
				ALWAYS_SEARCH_USER_PATHS = NO;
				ASSETCATALOG_COMPILER_GENERATE_SWIFT_ASSET_SYMBOL_EXTENSIONS = YES;
				CLANG_ANALYZER_NONNULL = YES;
				CLANG_ANALYZER_NUMBER_OBJECT_CONVERSION = YES_AGGRESSIVE;
				CLANG_CXX_LANGUAGE_STANDARD = "gnu++20";
				CLANG_ENABLE_MODULES = YES;
				CLANG_ENABLE_OBJC_ARC = YES;
				CLANG_ENABLE_OBJC_WEAK = YES;
				CLANG_WARN_BLOCK_CAPTURE_AUTORELEASING = YES;
				CLANG_WARN_BOOL_CONVERSION = YES;
				CLANG_WARN_COMMA = YES;
				CLANG_WARN_CONSTANT_CONVERSION = YES;
				CLANG_WARN_DEPRECATED_OBJC_IMPLEMENTATIONS = YES;
				CLANG_WARN_DIRECT_OBJC_ISA_USAGE = YES_ERROR;
				CLANG_WARN_DOCUMENTATION_COMMENTS = YES;
				CLANG_WARN_EMPTY_BODY = YES;
				CLANG_WARN_ENUM_CONVERSION = YES;
				CLANG_WARN_INFINITE_RECURSION = YES;
				CLANG_WARN_INT_CONVERSION = YES;
				CLANG_WARN_NON_LITERAL_NULL_CONVERSION = YES;
				CLANG_WARN_OBJC_IMPLICIT_RETAIN_SELF = YES;
				CLANG_WARN_OBJC_LITERAL_CONVERSION = YES;
				CLANG_WARN_OBJC_ROOT_CLASS = YES_ERROR;
				CLANG_WARN_QUOTED_INCLUDE_IN_FRAMEWORK_HEADER = YES;
				CLANG_WARN_RANGE_LOOP_ANALYSIS = YES;
				CLANG_WARN_STRICT_PROTOTYPES = YES;
				CLANG_WARN_SUSPICIOUS_MOVE = YES;
				CLANG_WARN_UNGUARDED_AVAILABILITY = YES_AGGRESSIVE;
				CLANG_WARN_UNREACHABLE_CODE = YES;
				CLANG_WARN__DUPLICATE_METHOD_MATCH = YES;
				COPY_PHASE_STRIP = NO;
				DEBUG_INFORMATION_FORMAT = "dwarf-with-dsym";
				ENABLE_NS_ASSERTIONS = NO;
				ENABLE_STRICT_OBJC_MSGSEND = YES;
				ENABLE_USER_SCRIPT_SANDBOXING = YES;
				GCC_C_LANGUAGE_STANDARD = gnu17;
				GCC_NO_COMMON_BLOCKS = YES;
				GCC_WARN_64_TO_32_BIT_CONVERSION = YES;
				GCC_WARN_ABOUT_RETURN_TYPE = YES_ERROR;
				GCC_WARN_UNDECLARED_SELECTOR = YES;
				GCC_WARN_UNINITIALIZED_AUTOS = YES_AGGRESSIVE;
				GCC_WARN_UNUSED_FUNCTION = YES;
				GCC_WARN_UNUSED_VARIABLE = YES;
				IPHONEOS_DEPLOYMENT_TARGET = 17.5;
				LOCALIZATION_PREFERS_STRING_CATALOGS = YES;
				MTL_ENABLE_DEBUG_INFO = NO;
				MTL_FAST_MATH = YES;
				SDKROOT = iphoneos;
				SWIFT_COMPILATION_MODE = wholemodule;
				VALIDATE_PRODUCT = YES;
			};
			name = Release;
		};
		CEAD13EC2C29F18500804100 /* Debug */ = {
			isa = XCBuildConfiguration;
			buildSettings = {
				ASSETCATALOG_COMPILER_APPICON_NAME = AppIcon;
				ASSETCATALOG_COMPILER_GLOBAL_ACCENT_COLOR_NAME = AccentColor;
				CODE_SIGN_STYLE = Automatic;
				CURRENT_PROJECT_VERSION = 1;
				DEVELOPMENT_ASSET_PATHS = "\"AfricaApp/Preview Content\"";
				DEVELOPMENT_TEAM = GZV8Q2554V;
				ENABLE_PREVIEWS = YES;
				GENERATE_INFOPLIST_FILE = YES;
				INFOPLIST_FILE = AfricaApp/Info.plist;
				INFOPLIST_KEY_UIApplicationSceneManifest_Generation = YES;
				INFOPLIST_KEY_UIApplicationSupportsIndirectInputEvents = YES;
				INFOPLIST_KEY_UISupportedInterfaceOrientations_iPad = "UIInterfaceOrientationPortrait UIInterfaceOrientationPortraitUpsideDown UIInterfaceOrientationLandscapeLeft UIInterfaceOrientationLandscapeRight";
				INFOPLIST_KEY_UISupportedInterfaceOrientations_iPhone = "UIInterfaceOrientationPortrait UIInterfaceOrientationLandscapeLeft UIInterfaceOrientationLandscapeRight";
				INFOPLIST_KEY_UIUserInterfaceStyle = Dark;
				LD_RUNPATH_SEARCH_PATHS = (
					"$(inherited)",
					"@executable_path/Frameworks",
				);
				MARKETING_VERSION = 1.0;
				PRODUCT_BUNDLE_IDENTIFIER = oleh.didushok.africa.AfricaApp;
				PRODUCT_NAME = "$(TARGET_NAME)";
				SWIFT_EMIT_LOC_STRINGS = YES;
				SWIFT_VERSION = 5.0;
				TARGETED_DEVICE_FAMILY = "1,2";
			};
			name = Debug;
		};
		CEAD13ED2C29F18500804100 /* Release */ = {
			isa = XCBuildConfiguration;
			buildSettings = {
				ASSETCATALOG_COMPILER_APPICON_NAME = AppIcon;
				ASSETCATALOG_COMPILER_GLOBAL_ACCENT_COLOR_NAME = AccentColor;
				CODE_SIGN_STYLE = Automatic;
				CURRENT_PROJECT_VERSION = 1;
				DEVELOPMENT_ASSET_PATHS = "\"AfricaApp/Preview Content\"";
				DEVELOPMENT_TEAM = GZV8Q2554V;
				ENABLE_PREVIEWS = YES;
				GENERATE_INFOPLIST_FILE = YES;
				INFOPLIST_FILE = AfricaApp/Info.plist;
				INFOPLIST_KEY_UIApplicationSceneManifest_Generation = YES;
				INFOPLIST_KEY_UIApplicationSupportsIndirectInputEvents = YES;
				INFOPLIST_KEY_UISupportedInterfaceOrientations_iPad = "UIInterfaceOrientationPortrait UIInterfaceOrientationPortraitUpsideDown UIInterfaceOrientationLandscapeLeft UIInterfaceOrientationLandscapeRight";
				INFOPLIST_KEY_UISupportedInterfaceOrientations_iPhone = "UIInterfaceOrientationPortrait UIInterfaceOrientationLandscapeLeft UIInterfaceOrientationLandscapeRight";
				INFOPLIST_KEY_UIUserInterfaceStyle = Dark;
				LD_RUNPATH_SEARCH_PATHS = (
					"$(inherited)",
					"@executable_path/Frameworks",
				);
				MARKETING_VERSION = 1.0;
				PRODUCT_BUNDLE_IDENTIFIER = oleh.didushok.africa.AfricaApp;
				PRODUCT_NAME = "$(TARGET_NAME)";
				SWIFT_EMIT_LOC_STRINGS = YES;
				SWIFT_VERSION = 5.0;
				TARGETED_DEVICE_FAMILY = "1,2";
			};
			name = Release;
		};
/* End XCBuildConfiguration section */

/* Begin XCConfigurationList section */
		CEAD13D82C29F18300804100 /* Build configuration list for PBXProject "AfricaApp" */ = {
			isa = XCConfigurationList;
			buildConfigurations = (
				CEAD13E92C29F18500804100 /* Debug */,
				CEAD13EA2C29F18500804100 /* Release */,
			);
			defaultConfigurationIsVisible = 0;
			defaultConfigurationName = Release;
		};
		CEAD13EB2C29F18500804100 /* Build configuration list for PBXNativeTarget "AfricaApp" */ = {
			isa = XCConfigurationList;
			buildConfigurations = (
				CEAD13EC2C29F18500804100 /* Debug */,
				CEAD13ED2C29F18500804100 /* Release */,
			);
			defaultConfigurationIsVisible = 0;
			defaultConfigurationName = Release;
		};
/* End XCConfigurationList section */
	};
	rootObject = CEAD13D52C29F18300804100 /* Project object */;
}
